# THIS IS AN AUTOGENERATED FILE. DO NOT EDIT THIS FILE DIRECTLY.
# yarn lockfile v1


"@remix-run/router@1.7.0":
  version "1.7.0"
  resolved "https://registry.yarnpkg.com/@remix-run/router/-/router-1.7.0.tgz#550a8d5760b78efc5d60f62b5829b0f74c1fde81"
  integrity sha512-Eu1V3kz3mV0wUpVTiFHuaT8UD1gj/0VnoFHQYX35xlslQUpe8CuYoKFn9d4WZFHm3yDywz6ALZuGdnUPKrNeAw==

react-router-dom@^6.14.0:
  version "6.14.0"
  resolved "https://registry.yarnpkg.com/react-router-dom/-/react-router-dom-6.14.0.tgz#7ce6c3f73549e4d40216ba150253d3bf30812b33"
  integrity sha512-YEwlApKwzMMMbGbhh+Q7MsloTldcwMgHxUY/1g0uA62+B1hZo2jsybCWIDCL8zvIDB1FA0pBKY9chHbZHt+2dQ==
  dependencies:
    "@remix-run/router" "1.7.0"
    react-router "6.14.0"

react-router@6.14.0:
  version "6.14.0"
  resolved "https://registry.yarnpkg.com/react-router/-/react-router-6.14.0.tgz#1c3e8e922d934d43a253fd862c72c82167c0a7f1"
  integrity sha512-OD+vkrcGbvlwkspUFDgMzsu1RXwdjNh83YgG/28lBnDzgslhCgxIqoExLlxsfTpIygp7fc+Hd3esloNwzkm2xA==
  dependencies:
    "@remix-run/router" "1.7.0"
